
Microsoft Visual Studio Solution File, Format Version 12.00
# Visual Studio 15
VisualStudioVersion = 15.0.27703.2035
MinimumVisualStudioVersion = 10.0.40219.1
Project("{FAE04EC0-301F-11D3-BF4B-00C04F79EFBC}") = "ExecuteAutomation", "ExecuteAutomation\ExecuteAutomation.csproj", "{5E843065-5036-457A-87CA-F6DB0E66596A}"
EndProject
Project("{FAE04EC0-301F-11D3-BF4B-00C04F79EFBC}") = "ApiTesting", "ApiTesting\ApiTesting.csproj", "{A2BD943F-0383-4241-9E40-D14193363BEC}"
EndProject
Global
	GlobalSection(SolutionConfigurationPlatforms) = preSolution
		Debug|Any CPU = Debug|Any CPU
		Release|Any CPU = Release|Any CPU
	EndGlobalSection
	GlobalSection(ProjectConfigurationPlatforms) = postSolution
		{5E843065-5036-457A-87CA-F6DB0E66596A}.Debug|Any CPU.ActiveCfg = Debug|Any CPU
		{5E843065-5036-457A-87CA-F6DB0E66596A}.Debug|Any CPU.Build.0 = Debug|Any CPU
		{5E843065-5036-457A-87CA-F6DB0E66596A}.Release|Any CPU.ActiveCfg = Release|Any CPU
		{5E843065-5036-457A-87CA-F6DB0E66596A}.Release|Any CPU.Build.0 = Release|Any CPU
		{A2BD943F-0383-4241-9E40-D14193363BEC}.Debug|Any CPU.ActiveCfg = Debug|Any CPU
		{A2BD943F-0383-4241-9E40-D14193363BEC}.Debug|Any CPU.Build.0 = Debug|Any CPU
		{A2BD943F-0383-4241-9E40-D14193363BEC}.Release|Any CPU.ActiveCfg = Release|Any CPU
		{A2BD943F-0383-4241-9E40-D14193363BEC}.Release|Any CPU.Build.0 = Release|Any CPU
	EndGlobalSection
	GlobalSection(SolutionProperties) = preSolution
		HideSolutionNode = FALSE
	EndGlobalSection
	GlobalSection(ExtensibilityGlobals) = postSolution
		SolutionGuid = {40427FEA-A15A-4DFB-AC7C-3621AC7926DC}
	EndGlobalSection
EndGlobal
